
Microsoft Visual Studio Solution File, Format Version 12.00
# Visual Studio Version 17
VisualStudioVersion = 17.5.2.0
MinimumVisualStudioVersion = 10.0.40219.1
Project("{FAE04EC0-301F-11D3-BF4B-00C04F79EFBC}") = "ProjetoES", "ProjetoES\ProjetoES.csproj", "{19A9F945-3223-3F98-AD55-34E4AB9B1A7A}"
EndProject
Project("{FAE04EC0-301F-11D3-BF4B-00C04F79EFBC}") = "ProjetoES.API", "ProjetoES.API\ProjetoES.API.csproj", "{2E5075F0-1D97-4FC7-8C70-36E57DDFD3ED}"
EndProject
Global
	GlobalSection(SolutionConfigurationPlatforms) = preSolution
		Debug|Any CPU = Debug|Any CPU
		Debug|x64 = Debug|x64
		Debug|x86 = Debug|x86
		Release|Any CPU = Release|Any CPU
		Release|x64 = Release|x64
		Release|x86 = Release|x86
	EndGlobalSection
	GlobalSection(ProjectConfigurationPlatforms) = postSolution
		{19A9F945-3223-3F98-AD55-34E4AB9B1A7A}.Debug|Any CPU.ActiveCfg = Debug|Any CPU
		{19A9F945-3223-3F98-AD55-34E4AB9B1A7A}.Debug|Any CPU.Build.0 = Debug|Any CPU
		{19A9F945-3223-3F98-AD55-34E4AB9B1A7A}.Debug|x64.ActiveCfg = Debug|Any CPU
		{19A9F945-3223-3F98-AD55-34E4AB9B1A7A}.Debug|x64.Build.0 = Debug|Any CPU
		{19A9F945-3223-3F98-AD55-34E4AB9B1A7A}.Debug|x86.ActiveCfg = Debug|Any CPU
		{19A9F945-3223-3F98-AD55-34E4AB9B1A7A}.Debug|x86.Build.0 = Debug|Any CPU
		{19A9F945-3223-3F98-AD55-34E4AB9B1A7A}.Release|Any CPU.ActiveCfg = Release|Any CPU
		{19A9F945-3223-3F98-AD55-34E4AB9B1A7A}.Release|Any CPU.Build.0 = Release|Any CPU
		{19A9F945-3223-3F98-AD55-34E4AB9B1A7A}.Release|x64.ActiveCfg = Release|Any CPU
		{19A9F945-3223-3F98-AD55-34E4AB9B1A7A}.Release|x64.Build.0 = Release|Any CPU
		{19A9F945-3223-3F98-AD55-34E4AB9B1A7A}.Release|x86.ActiveCfg = Release|Any CPU
		{19A9F945-3223-3F98-AD55-34E4AB9B1A7A}.Release|x86.Build.0 = Release|Any CPU
		{2E5075F0-1D97-4FC7-8C70-36E57DDFD3ED}.Debug|Any CPU.ActiveCfg = Debug|Any CPU
		{2E5075F0-1D97-4FC7-8C70-36E57DDFD3ED}.Debug|Any CPU.Build.0 = Debug|Any CPU
		{2E5075F0-1D97-4FC7-8C70-36E57DDFD3ED}.Debug|x64.ActiveCfg = Debug|Any CPU
		{2E5075F0-1D97-4FC7-8C70-36E57DDFD3ED}.Debug|x64.Build.0 = Debug|Any CPU
		{2E5075F0-1D97-4FC7-8C70-36E57DDFD3ED}.Debug|x86.ActiveCfg = Debug|Any CPU
		{2E5075F0-1D97-4FC7-8C70-36E57DDFD3ED}.Debug|x86.Build.0 = Debug|Any CPU
		{2E5075F0-1D97-4FC7-8C70-36E57DDFD3ED}.Release|Any CPU.ActiveCfg = Release|Any CPU
		{2E5075F0-1D97-4FC7-8C70-36E57DDFD3ED}.Release|Any CPU.Build.0 = Release|Any CPU
		{2E5075F0-1D97-4FC7-8C70-36E57DDFD3ED}.Release|x64.ActiveCfg = Release|Any CPU
		{2E5075F0-1D97-4FC7-8C70-36E57DDFD3ED}.Release|x64.Build.0 = Release|Any CPU
		{2E5075F0-1D97-4FC7-8C70-36E57DDFD3ED}.Release|x86.ActiveCfg = Release|Any CPU
		{2E5075F0-1D97-4FC7-8C70-36E57DDFD3ED}.Release|x86.Build.0 = Release|Any CPU
	EndGlobalSection
	GlobalSection(SolutionProperties) = preSolution
		HideSolutionNode = FALSE
	EndGlobalSection
	GlobalSection(ExtensibilityGlobals) = postSolution
		SolutionGuid = {5AFC70AC-FDD7-4181-BEA6-66D162252875}
	EndGlobalSection
EndGlobal
